
Microsoft Visual Studio Solution File, Format Version 12.00
# Visual Studio Version 16
VisualStudioVersion = 16.0.32413.511
MinimumVisualStudioVersion = 10.0.40219.1
Project("{FAE04EC0-301F-11D3-BF4B-00C04F79EFBC}") = "game", "cards\game.csproj", "{E6898F5C-0C6D-4DD6-955D-72F35C417AEB}"
EndProject
Global
	GlobalSection(SolutionConfigurationPlatforms) = preSolution
		Debug|Any CPU = Debug|Any CPU
		Release|Any CPU = Release|Any CPU
	EndGlobalSection
	GlobalSection(ProjectConfigurationPlatforms) = postSolution
		{E6898F5C-0C6D-4DD6-955D-72F35C417AEB}.Debug|Any CPU.ActiveCfg = Debug|Any CPU
		{E6898F5C-0C6D-4DD6-955D-72F35C417AEB}.Debug|Any CPU.Build.0 = Debug|Any CPU
		{E6898F5C-0C6D-4DD6-955D-72F35C417AEB}.Release|Any CPU.ActiveCfg = Release|Any CPU
		{E6898F5C-0C6D-4DD6-955D-72F35C417AEB}.Release|Any CPU.Build.0 = Release|Any CPU
	EndGlobalSection
	GlobalSection(SolutionProperties) = preSolution
		HideSolutionNode = FALSE
	EndGlobalSection
	GlobalSection(ExtensibilityGlobals) = postSolution
		SolutionGuid = {1D295AC1-E688-4158-8F38-5F9EBB492ACE}
	EndGlobalSection
EndGlobal
